
Microsoft Visual Studio Solution File, Format Version 12.00
# Visual Studio 14
VisualStudioVersion = 14.0.25123.0
MinimumVisualStudioVersion = 10.0.40219.1
Project("{FAE04EC0-301F-11D3-BF4B-00C04F79EFBC}") = "mvcsample", "mvcsample\mvcsample.csproj", "{940E47E1-9111-4163-A391-035A2DBC9D7A}"
EndProject
Project("{FAE04EC0-301F-11D3-BF4B-00C04F79EFBC}") = "mvcsample.Tests", "mvcsample.Tests\mvcsample.Tests.csproj", "{EAED8553-B975-48A1-A61E-FBF52A7C6E53}"
EndProject
Global
	GlobalSection(SolutionConfigurationPlatforms) = preSolution
		Debug|Any CPU = Debug|Any CPU
		Release|Any CPU = Release|Any CPU
	EndGlobalSection
	GlobalSection(ProjectConfigurationPlatforms) = postSolution
		{940E47E1-9111-4163-A391-035A2DBC9D7A}.Debug|Any CPU.ActiveCfg = Debug|Any CPU
		{940E47E1-9111-4163-A391-035A2DBC9D7A}.Debug|Any CPU.Build.0 = Debug|Any CPU
		{940E47E1-9111-4163-A391-035A2DBC9D7A}.Release|Any CPU.ActiveCfg = Release|Any CPU
		{940E47E1-9111-4163-A391-035A2DBC9D7A}.Release|Any CPU.Build.0 = Release|Any CPU
		{EAED8553-B975-48A1-A61E-FBF52A7C6E53}.Debug|Any CPU.ActiveCfg = Debug|Any CPU
		{EAED8553-B975-48A1-A61E-FBF52A7C6E53}.Debug|Any CPU.Build.0 = Debug|Any CPU
		{EAED8553-B975-48A1-A61E-FBF52A7C6E53}.Release|Any CPU.ActiveCfg = Release|Any CPU
		{EAED8553-B975-48A1-A61E-FBF52A7C6E53}.Release|Any CPU.Build.0 = Release|Any CPU
	EndGlobalSection
	GlobalSection(SolutionProperties) = preSolution
		HideSolutionNode = FALSE
	EndGlobalSection
EndGlobal
